
Microsoft Visual Studio Solution File, Format Version 11.00
# Visual Studio 2010 Express for Windows Phone
Project("{FAE04EC0-301F-11D3-BF4B-00C04F79EFBC}") = "HybridPhone7", "HybridPhone7\HybridPhone7.csproj", "{4E113473-AC2F-4CA1-9326-F5C57196951E}"
EndProject
Global
	GlobalSection(SolutionConfigurationPlatforms) = preSolution
		Debug|Any CPU = Debug|Any CPU
		Release|Any CPU = Release|Any CPU
	EndGlobalSection
	GlobalSection(ProjectConfigurationPlatforms) = postSolution
		{4E113473-AC2F-4CA1-9326-F5C57196951E}.Debug|Any CPU.ActiveCfg = Debug|Any CPU
		{4E113473-AC2F-4CA1-9326-F5C57196951E}.Debug|Any CPU.Build.0 = Debug|Any CPU
		{4E113473-AC2F-4CA1-9326-F5C57196951E}.Debug|Any CPU.Deploy.0 = Debug|Any CPU
		{4E113473-AC2F-4CA1-9326-F5C57196951E}.Release|Any CPU.ActiveCfg = Release|Any CPU
		{4E113473-AC2F-4CA1-9326-F5C57196951E}.Release|Any CPU.Build.0 = Release|Any CPU
		{4E113473-AC2F-4CA1-9326-F5C57196951E}.Release|Any CPU.Deploy.0 = Release|Any CPU
	EndGlobalSection
	GlobalSection(SolutionProperties) = preSolution
		HideSolutionNode = FALSE
	EndGlobalSection
EndGlobal
